// !$*UTF8*$!
{
	archiveVersion = 1;
	classes = {
	};
	objectVersion = 77;
	objects = {

/* Begin PBXContainerItemProxy section */
		9812A3042DAB83DA00692E99 /* PBXContainerItemProxy */ = {
			isa = PBXContainerItemProxy;
			containerPortal = 9812A2EB2DAB83D700692E99 /* Project object */;
			proxyType = 1;
			remoteGlobalIDString = 9812A2F22DAB83D700692E99;
			remoteInfo = TieredGridLayout;
		};
		9812A30E2DAB83DA00692E99 /* PBXContainerItemProxy */ = {
			isa = PBXContainerItemProxy;
			containerPortal = 9812A2EB2DAB83D700692E99 /* Project object */;
			proxyType = 1;
			remoteGlobalIDString = 9812A2F22DAB83D700692E99;
			remoteInfo = TieredGridLayout;
		};
/* End PBXContainerItemProxy section */

/* Begin PBXFileReference section */
		9812A2F32DAB83D700692E99 /* TieredGridLayout.app */ = {isa = PBXFileReference; explicitFileType = wrapper.application; includeInIndex = 0; path = TieredGridLayout.app; sourceTree = BUILT_PRODUCTS_DIR; };
		9812A3032DAB83DA00692E99 /* TieredGridLayoutTests.xctest */ = {isa = PBXFileReference; explicitFileType = wrapper.cfbundle; includeInIndex = 0; path = TieredGridLayoutTests.xctest; sourceTree = BUILT_PRODUCTS_DIR; };
		9812A30D2DAB83DA00692E99 /* TieredGridLayoutUITests.xctest */ = {isa = PBXFileReference; explicitFileType = wrapper.cfbundle; includeInIndex = 0; path = TieredGridLayoutUITests.xctest; sourceTree = BUILT_PRODUCTS_DIR; };
/* End PBXFileReference section */

/* Begin PBXFileSystemSynchronizedRootGroup section */
		9812A2F52DAB83D700692E99 /* TieredGridLayout */ = {
			isa = PBXFileSystemSynchronizedRootGroup;
			path = TieredGridLayout;
			sourceTree = "<group>";
		};
		9812A3062DAB83DA00692E99 /* TieredGridLayoutTests */ = {
			isa = PBXFileSystemSynchronizedRootGroup;
			path = TieredGridLayoutTests;
			sourceTree = "<group>";
		};
		9812A3102DAB83DA00692E99 /* TieredGridLayoutUITests */ = {
			isa = PBXFileSystemSynchronizedRootGroup;
			path = TieredGridLayoutUITests;
			sourceTree = "<group>";
		};
/* End PBXFileSystemSynchronizedRootGroup section */

/* Begin PBXFrameworksBuildPhase section */
		9812A2F02DAB83D700692E99 /* Frameworks */ = {
			isa = PBXFrameworksBuildPhase;
			buildActionMask = 2147483647;
			files = (
			);
			runOnlyForDeploymentPostprocessing = 0;
		};
		9812A3002DAB83DA00692E99 /* Frameworks */ = {
			isa = PBXFrameworksBuildPhase;
			buildActionMask = 2147483647;
			files = (
			);
			runOnlyForDeploymentPostprocessing = 0;
		};
		9812A30A2DAB83DA00692E99 /* Frameworks */ = {
			isa = PBXFrameworksBuildPhase;
			buildActionMask = 2147483647;
			files = (
			);
			runOnlyForDeploymentPostprocessing = 0;
		};
/* End PBXFrameworksBuildPhase section */

/* Begin PBXGroup section */
		9812A2EA2DAB83D700692E99 = {
			isa = PBXGroup;
			children = (
				9812A2F52DAB83D700692E99 /* TieredGridLayout */,
				9812A3062DAB83DA00692E99 /* TieredGridLayoutTests */,
				9812A3102DAB83DA00692E99 /* TieredGridLayoutUITests */,
				9812A2F42DAB83D700692E99 /* Products */,
			);
			sourceTree = "<group>";
		};
		9812A2F42DAB83D700692E99 /* Products */ = {
			isa = PBXGroup;
			children = (
				9812A2F32DAB83D700692E99 /* TieredGridLayout.app */,
				9812A3032DAB83DA00692E99 /* TieredGridLayoutTests.xctest */,
				9812A30D2DAB83DA00692E99 /* TieredGridLayoutUITests.xctest */,
			);
			name = Products;
			sourceTree = "<group>";
		};
/* End PBXGroup section */

/* Begin PBXNativeTarget section */
		9812A2F22DAB83D700692E99 /* TieredGridLayout */ = {
			isa = PBXNativeTarget;
			buildConfigurationList = 9812A3172DAB83DA00692E99 /* Build configuration list for PBXNativeTarget "TieredGridLayout" */;
			buildPhases = (
				9812A2EF2DAB83D700692E99 /* Sources */,
				9812A2F02DAB83D700692E99 /* Frameworks */,
				9812A2F12DAB83D700692E99 /* Resources */,
			);
			buildRules = (
			);
			dependencies = (
			);
			fileSystemSynchronizedGroups = (
				9812A2F52DAB83D700692E99 /* TieredGridLayout */,
			);
			name = TieredGridLayout;
			packageProductDependencies = (
			);
			productName = TieredGridLayout;
			productReference = 9812A2F32DAB83D700692E99 /* TieredGridLayout.app */;
			productType = "com.apple.product-type.application";
		};
		9812A3022DAB83DA00692E99 /* TieredGridLayoutTests */ = {
			isa = PBXNativeTarget;
			buildConfigurationList = 9812A31A2DAB83DA00692E99 /* Build configuration list for PBXNativeTarget "TieredGridLayoutTests" */;
			buildPhases = (
				9812A2FF2DAB83DA00692E99 /* Sources */,
				9812A3002DAB83DA00692E99 /* Frameworks */,
				9812A3012DAB83DA00692E99 /* Resources */,
			);
			buildRules = (
			);
			dependencies = (
				9812A3052DAB83DA00692E99 /* PBXTargetDependency */,
			);
			fileSystemSynchronizedGroups = (
				9812A3062DAB83DA00692E99 /* TieredGridLayoutTests */,
			);
			name = TieredGridLayoutTests;
			packageProductDependencies = (
			);
			productName = TieredGridLayoutTests;
			productReference = 9812A3032DAB83DA00692E99 /* TieredGridLayoutTests.xctest */;
			productType = "com.apple.product-type.bundle.unit-test";
		};
		9812A30C2DAB83DA00692E99 /* TieredGridLayoutUITests */ = {
			isa = PBXNativeTarget;
			buildConfigurationList = 9812A31D2DAB83DA00692E99 /* Build configuration list for PBXNativeTarget "TieredGridLayoutUITests" */;
			buildPhases = (
				9812A3092DAB83DA00692E99 /* Sources */,
				9812A30A2DAB83DA00692E99 /* Frameworks */,
				9812A30B2DAB83DA00692E99 /* Resources */,
			);
			buildRules = (
			);
			dependencies = (
				9812A30F2DAB83DA00692E99 /* PBXTargetDependency */,
			);
			fileSystemSynchronizedGroups = (
				9812A3102DAB83DA00692E99 /* TieredGridLayoutUITests */,
			);
			name = TieredGridLayoutUITests;
			packageProductDependencies = (
			);
			productName = TieredGridLayoutUITests;
			productReference = 9812A30D2DAB83DA00692E99 /* TieredGridLayoutUITests.xctest */;
			productType = "com.apple.product-type.bundle.ui-testing";
		};
/* End PBXNativeTarget section */

/* Begin PBXProject section */
		9812A2EB2DAB83D700692E99 /* Project object */ = {
			isa = PBXProject;
			attributes = {
				BuildIndependentTargetsInParallel = 1;
				LastSwiftUpdateCheck = 1620;
				LastUpgradeCheck = 1620;
				TargetAttributes = {
					9812A2F22DAB83D700692E99 = {
						CreatedOnToolsVersion = 16.2;
					};
					9812A3022DAB83DA00692E99 = {
						CreatedOnToolsVersion = 16.2;
						TestTargetID = 9812A2F22DAB83D700692E99;
					};
					9812A30C2DAB83DA00692E99 = {
						CreatedOnToolsVersion = 16.2;
						TestTargetID = 9812A2F22DAB83D700692E99;
					};
				};
			};
			buildConfigurationList = 9812A2EE2DAB83D700692E99 /* Build configuration list for PBXProject "TieredGridLayout" */;
			developmentRegion = en;
			hasScannedForEncodings = 0;
			knownRegions = (
				en,
				Base,
			);
			mainGroup = 9812A2EA2DAB83D700692E99;
			minimizedProjectReferenceProxies = 1;
			preferredProjectObjectVersion = 77;
			productRefGroup = 9812A2F42DAB83D700692E99 /* Products */;
			projectDirPath = "";
			projectRoot = "";
			targets = (
				9812A2F22DAB83D700692E99 /* TieredGridLayout */,
				9812A3022DAB83DA00692E99 /* TieredGridLayoutTests */,
				9812A30C2DAB83DA00692E99 /* TieredGridLayoutUITests */,
			);
		};
/* End PBXProject section */

/* Begin PBXResourcesBuildPhase section */
		9812A2F12DAB83D700692E99 /* Resources */ = {
			isa = PBXResourcesBuildPhase;
			buildActionMask = 2147483647;
			files = (
			);
			runOnlyForDeploymentPostprocessing = 0;
		};
		9812A3012DAB83DA00692E99 /* Resources */ = {
			isa = PBXResourcesBuildPhase;
			buildActionMask = 2147483647;
			files = (
			);
			runOnlyForDeploymentPostprocessing = 0;
		};
		9812A30B2DAB83DA00692E99 /* Resources */ = {
			isa = PBXResourcesBuildPhase;
			buildActionMask = 2147483647;
			files = (
			);
			runOnlyForDeploymentPostprocessing = 0;
		};
/* End PBXResourcesBuildPhase section */

/* Begin PBXSourcesBuildPhase section */
		9812A2EF2DAB83D700692E99 /* Sources */ = {
			isa = PBXSourcesBuildPhase;
			buildActionMask = 2147483647;
			files = (
			);
			runOnlyForDeploymentPostprocessing = 0;
		};
		9812A2FF2DAB83DA00692E99 /* Sources */ = {
			isa = PBXSourcesBuildPhase;
			buildActionMask = 2147483647;
			files = (
			);
			runOnlyForDeploymentPostprocessing = 0;
		};
		9812A3092DAB83DA00692E99 /* Sources */ = {
			isa = PBXSourcesBuildPhase;
			buildActionMask = 2147483647;
			files = (
			);
			runOnlyForDeploymentPostprocessing = 0;
		};
/* End PBXSourcesBuildPhase section */

/* Begin PBXTargetDependency section */
		9812A3052DAB83DA00692E99 /* PBXTargetDependency */ = {
			isa = PBXTargetDependency;
			target = 9812A2F22DAB83D700692E99 /* TieredGridLayout */;
			targetProxy = 9812A3042DAB83DA00692E99 /* PBXContainerItemProxy */;
		};
		9812A30F2DAB83DA00692E99 /* PBXTargetDependency */ = {
			isa = PBXTargetDependency;
			target = 9812A2F22DAB83D700692E99 /* TieredGridLayout */;
			targetProxy = 9812A30E2DAB83DA00692E99 /* PBXContainerItemProxy */;
		};
/* End PBXTargetDependency section */

/* Begin XCBuildConfiguration section */
		9812A3152DAB83DA00692E99 /* Debug */ = {
			isa = XCBuildConfiguration;
			buildSettings = {
				ALWAYS_SEARCH_USER_PATHS = NO;
				ASSETCATALOG_COMPILER_GENERATE_SWIFT_ASSET_SYMBOL_EXTENSIONS = YES;
				CLANG_ANALYZER_NONNULL = YES;
				CLANG_ANALYZER_NUMBER_OBJECT_CONVERSION = YES_AGGRESSIVE;
				CLANG_CXX_LANGUAGE_STANDARD = "gnu++20";
				CLANG_ENABLE_MODULES = YES;
				CLANG_ENABLE_OBJC_ARC = YES;
				CLANG_ENABLE_OBJC_WEAK = YES;
				CLANG_WARN_BLOCK_CAPTURE_AUTORELEASING = YES;
				CLANG_WARN_BOOL_CONVERSION = YES;
				CLANG_WARN_COMMA = YES;
				CLANG_WARN_CONSTANT_CONVERSION = YES;
				CLANG_WARN_DEPRECATED_OBJC_IMPLEMENTATIONS = YES;
				CLANG_WARN_DIRECT_OBJC_ISA_USAGE = YES_ERROR;
				CLANG_WARN_DOCUMENTATION_COMMENTS = YES;
				CLANG_WARN_EMPTY_BODY = YES;
				CLANG_WARN_ENUM_CONVERSION = YES;
				CLANG_WARN_INFINITE_RECURSION = YES;
				CLANG_WARN_INT_CONVERSION = YES;
				CLANG_WARN_NON_LITERAL_NULL_CONVERSION = YES;
				CLANG_WARN_OBJC_IMPLICIT_RETAIN_SELF = YES;
				CLANG_WARN_OBJC_LITERAL_CONVERSION = YES;
				CLANG_WARN_OBJC_ROOT_CLASS = YES_ERROR;
				CLANG_WARN_QUOTED_INCLUDE_IN_FRAMEWORK_HEADER = YES;
				CLANG_WARN_RANGE_LOOP_ANALYSIS = YES;
				CLANG_WARN_STRICT_PROTOTYPES = YES;
				CLANG_WARN_SUSPICIOUS_MOVE = YES;
				CLANG_WARN_UNGUARDED_AVAILABILITY = YES_AGGRESSIVE;
				CLANG_WARN_UNREACHABLE_CODE = YES;
				CLANG_WARN__DUPLICATE_METHOD_MATCH = YES;
				COPY_PHASE_STRIP = NO;
				DEBUG_INFORMATION_FORMAT = dwarf;
				ENABLE_STRICT_OBJC_MSGSEND = YES;
				ENABLE_TESTABILITY = YES;
				ENABLE_USER_SCRIPT_SANDBOXING = YES;
				GCC_C_LANGUAGE_STANDARD = gnu17;
				GCC_DYNAMIC_NO_PIC = NO;
				GCC_NO_COMMON_BLOCKS = YES;
				GCC_OPTIMIZATION_LEVEL = 0;
				GCC_PREPROCESSOR_DEFINITIONS = (
					"DEBUG=1",
					"$(inherited)",
				);
				GCC_WARN_64_TO_32_BIT_CONVERSION = YES;
				GCC_WARN_ABOUT_RETURN_TYPE = YES_ERROR;
				GCC_WARN_UNDECLARED_SELECTOR = YES;
				GCC_WARN_UNINITIALIZED_AUTOS = YES_AGGRESSIVE;
				GCC_WARN_UNUSED_FUNCTION = YES;
				GCC_WARN_UNUSED_VARIABLE = YES;
				IPHONEOS_DEPLOYMENT_TARGET = 18.2;
				LOCALIZATION_PREFERS_STRING_CATALOGS = YES;
				MTL_ENABLE_DEBUG_INFO = INCLUDE_SOURCE;
				MTL_FAST_MATH = YES;
				ONLY_ACTIVE_ARCH = YES;
				SDKROOT = iphoneos;
				SWIFT_ACTIVE_COMPILATION_CONDITIONS = "DEBUG $(inherited)";
				SWIFT_OPTIMIZATION_LEVEL = "-Onone";
			};
			name = Debug;
		};
		9812A3162DAB83DA00692E99 /* Release */ = {
			isa = XCBuildConfiguration;
			buildSettings = {
				ALWAYS_SEARCH_USER_PATHS = NO;
				ASSETCATALOG_COMPILER_GENERATE_SWIFT_ASSET_SYMBOL_EXTENSIONS = YES;
				CLANG_ANALYZER_NONNULL = YES;
				CLANG_ANALYZER_NUMBER_OBJECT_CONVERSION = YES_AGGRESSIVE;
				CLANG_CXX_LANGUAGE_STANDARD = "gnu++20";
				CLANG_ENABLE_MODULES = YES;
				CLANG_ENABLE_OBJC_ARC = YES;
				CLANG_ENABLE_OBJC_WEAK = YES;
				CLANG_WARN_BLOCK_CAPTURE_AUTORELEASING = YES;
				CLANG_WARN_BOOL_CONVERSION = YES;
				CLANG_WARN_COMMA = YES;
				CLANG_WARN_CONSTANT_CONVERSION = YES;
				CLANG_WARN_DEPRECATED_OBJC_IMPLEMENTATIONS = YES;
				CLANG_WARN_DIRECT_OBJC_ISA_USAGE = YES_ERROR;
				CLANG_WARN_DOCUMENTATION_COMMENTS = YES;
				CLANG_WARN_EMPTY_BODY = YES;
				CLANG_WARN_ENUM_CONVERSION = YES;
				CLANG_WARN_INFINITE_RECURSION = YES;
				CLANG_WARN_INT_CONVERSION = YES;
				CLANG_WARN_NON_LITERAL_NULL_CONVERSION = YES;
				CLANG_WARN_OBJC_IMPLICIT_RETAIN_SELF = YES;
				CLANG_WARN_OBJC_LITERAL_CONVERSION = YES;
				CLANG_WARN_OBJC_ROOT_CLASS = YES_ERROR;
				CLANG_WARN_QUOTED_INCLUDE_IN_FRAMEWORK_HEADER = YES;
				CLANG_WARN_RANGE_LOOP_ANALYSIS = YES;
				CLANG_WARN_STRICT_PROTOTYPES = YES;
				CLANG_WARN_SUSPICIOUS_MOVE = YES;
				CLANG_WARN_UNGUARDED_AVAILABILITY = YES_AGGRESSIVE;
				CLANG_WARN_UNREACHABLE_CODE = YES;
				CLANG_WARN__DUPLICATE_METHOD_MATCH = YES;
				COPY_PHASE_STRIP = NO;
				DEBUG_INFORMATION_FORMAT = "dwarf-with-dsym";
				ENABLE_NS_ASSERTIONS = NO;
				ENABLE_STRICT_OBJC_MSGSEND = YES;
				ENABLE_USER_SCRIPT_SANDBOXING = YES;
				GCC_C_LANGUAGE_STANDARD = gnu17;
				GCC_NO_COMMON_BLOCKS = YES;
				GCC_WARN_64_TO_32_BIT_CONVERSION = YES;
				GCC_WARN_ABOUT_RETURN_TYPE = YES_ERROR;
				GCC_WARN_UNDECLARED_SELECTOR = YES;
				GCC_WARN_UNINITIALIZED_AUTOS = YES_AGGRESSIVE;
				GCC_WARN_UNUSED_FUNCTION = YES;
				GCC_WARN_UNUSED_VARIABLE = YES;
				IPHONEOS_DEPLOYMENT_TARGET = 18.2;
				LOCALIZATION_PREFERS_STRING_CATALOGS = YES;
				MTL_ENABLE_DEBUG_INFO = NO;
				MTL_FAST_MATH = YES;
				SDKROOT = iphoneos;
				SWIFT_COMPILATION_MODE = wholemodule;
				VALIDATE_PRODUCT = YES;
			};
			name = Release;
		};
		9812A3182DAB83DA00692E99 /* Debug */ = {
			isa = XCBuildConfiguration;
			buildSettings = {
				ASSETCATALOG_COMPILER_APPICON_NAME = AppIcon;
				ASSETCATALOG_COMPILER_GLOBAL_ACCENT_COLOR_NAME = AccentColor;
				CODE_SIGN_STYLE = Automatic;
				CURRENT_PROJECT_VERSION = 1;
				DEVELOPMENT_ASSET_PATHS = "\"TieredGridLayout/Preview Content\"";
				DEVELOPMENT_TEAM = 7ZAQQ9X25G;
				ENABLE_PREVIEWS = YES;
				GENERATE_INFOPLIST_FILE = YES;
				INFOPLIST_KEY_UIApplicationSceneManifest_Generation = YES;
				INFOPLIST_KEY_UIApplicationSupportsIndirectInputEvents = YES;
				INFOPLIST_KEY_UILaunchScreen_Generation = YES;
				INFOPLIST_KEY_UISupportedInterfaceOrientations_iPad = "UIInterfaceOrientationPortrait UIInterfaceOrientationPortraitUpsideDown UIInterfaceOrientationLandscapeLeft UIInterfaceOrientationLandscapeRight";
				INFOPLIST_KEY_UISupportedInterfaceOrientations_iPhone = "UIInterfaceOrientationPortrait UIInterfaceOrientationLandscapeLeft UIInterfaceOrientationLandscapeRight";
				LD_RUNPATH_SEARCH_PATHS = (
					"$(inherited)",
					"@executable_path/Frameworks",
				);
				MARKETING_VERSION = 1.0;
				PRODUCT_BUNDLE_IDENTIFIER = com.akitorahayashi.TieredGridLayout;
				PRODUCT_NAME = "$(TARGET_NAME)";
				SWIFT_EMIT_LOC_STRINGS = YES;
				SWIFT_VERSION = 5.0;
				TARGETED_DEVICE_FAMILY = "1,2";
			};
			name = Debug;
		};
		9812A3192DAB83DA00692E99 /* Release */ = {
			isa = XCBuildConfiguration;
			buildSettings = {
				ASSETCATALOG_COMPILER_APPICON_NAME = AppIcon;
				ASSETCATALOG_COMPILER_GLOBAL_ACCENT_COLOR_NAME = AccentColor;
				CODE_SIGN_STYLE = Automatic;
				CURRENT_PROJECT_VERSION = 1;
				DEVELOPMENT_ASSET_PATHS = "\"TieredGridLayout/Preview Content\"";
				DEVELOPMENT_TEAM = 7ZAQQ9X25G;
				ENABLE_PREVIEWS = YES;
				GENERATE_INFOPLIST_FILE = YES;
				INFOPLIST_KEY_UIApplicationSceneManifest_Generation = YES;
				INFOPLIST_KEY_UIApplicationSupportsIndirectInputEvents = YES;
				INFOPLIST_KEY_UILaunchScreen_Generation = YES;
				INFOPLIST_KEY_UISupportedInterfaceOrientations_iPad = "UIInterfaceOrientationPortrait UIInterfaceOrientationPortraitUpsideDown UIInterfaceOrientationLandscapeLeft UIInterfaceOrientationLandscapeRight";
				INFOPLIST_KEY_UISupportedInterfaceOrientations_iPhone = "UIInterfaceOrientationPortrait UIInterfaceOrientationLandscapeLeft UIInterfaceOrientationLandscapeRight";
				LD_RUNPATH_SEARCH_PATHS = (
					"$(inherited)",
					"@executable_path/Frameworks",
				);
				MARKETING_VERSION = 1.0;
				PRODUCT_BUNDLE_IDENTIFIER = com.akitorahayashi.TieredGridLayout;
				PRODUCT_NAME = "$(TARGET_NAME)";
				SWIFT_EMIT_LOC_STRINGS = YES;
				SWIFT_VERSION = 5.0;
				TARGETED_DEVICE_FAMILY = "1,2";
			};
			name = Release;
		};
		9812A31B2DAB83DA00692E99 /* Debug */ = {
			isa = XCBuildConfiguration;
			buildSettings = {
				BUNDLE_LOADER = "$(TEST_HOST)";
				CODE_SIGN_STYLE = Automatic;
				CURRENT_PROJECT_VERSION = 1;
				DEVELOPMENT_TEAM = 7ZAQQ9X25G;
				GENERATE_INFOPLIST_FILE = YES;
				IPHONEOS_DEPLOYMENT_TARGET = 18.2;
				MARKETING_VERSION = 1.0;
				PRODUCT_BUNDLE_IDENTIFIER = com.akitorahayashi.TieredGridLayoutTests;
				PRODUCT_NAME = "$(TARGET_NAME)";
				SWIFT_EMIT_LOC_STRINGS = NO;
				SWIFT_VERSION = 5.0;
				TARGETED_DEVICE_FAMILY = "1,2";
				TEST_HOST = "$(BUILT_PRODUCTS_DIR)/TieredGridLayout.app/$(BUNDLE_EXECUTABLE_FOLDER_PATH)/TieredGridLayout";
			};
			name = Debug;
		};
		9812A31C2DAB83DA00692E99 /* Release */ = {
			isa = XCBuildConfiguration;
			buildSettings = {
				BUNDLE_LOADER = "$(TEST_HOST)";
				CODE_SIGN_STYLE = Automatic;
				CURRENT_PROJECT_VERSION = 1;
				DEVELOPMENT_TEAM = 7ZAQQ9X25G;
				GENERATE_INFOPLIST_FILE = YES;
				IPHONEOS_DEPLOYMENT_TARGET = 18.2;
				MARKETING_VERSION = 1.0;
				PRODUCT_BUNDLE_IDENTIFIER = com.akitorahayashi.TieredGridLayoutTests;
				PRODUCT_NAME = "$(TARGET_NAME)";
				SWIFT_EMIT_LOC_STRINGS = NO;
				SWIFT_VERSION = 5.0;
				TARGETED_DEVICE_FAMILY = "1,2";
				TEST_HOST = "$(BUILT_PRODUCTS_DIR)/TieredGridLayout.app/$(BUNDLE_EXECUTABLE_FOLDER_PATH)/TieredGridLayout";
			};
			name = Release;
		};
		9812A31E2DAB83DA00692E99 /* Debug */ = {
			isa = XCBuildConfiguration;
			buildSettings = {
				CODE_SIGN_STYLE = Automatic;
				CURRENT_PROJECT_VERSION = 1;
				DEVELOPMENT_TEAM = 7ZAQQ9X25G;
				GENERATE_INFOPLIST_FILE = YES;
				MARKETING_VERSION = 1.0;
				PRODUCT_BUNDLE_IDENTIFIER = com.akitorahayashi.TieredGridLayoutUITests;
				PRODUCT_NAME = "$(TARGET_NAME)";
				SWIFT_EMIT_LOC_STRINGS = NO;
				SWIFT_VERSION = 5.0;
				TARGETED_DEVICE_FAMILY = "1,2";
				TEST_TARGET_NAME = TieredGridLayout;
			};
			name = Debug;
		};
		9812A31F2DAB83DA00692E99 /* Release */ = {
			isa = XCBuildConfiguration;
			buildSettings = {
				CODE_SIGN_STYLE = Automatic;
				CURRENT_PROJECT_VERSION = 1;
				DEVELOPMENT_TEAM = 7ZAQQ9X25G;
				GENERATE_INFOPLIST_FILE = YES;
				MARKETING_VERSION = 1.0;
				PRODUCT_BUNDLE_IDENTIFIER = com.akitorahayashi.TieredGridLayoutUITests;
				PRODUCT_NAME = "$(TARGET_NAME)";
				SWIFT_EMIT_LOC_STRINGS = NO;
				SWIFT_VERSION = 5.0;
				TARGETED_DEVICE_FAMILY = "1,2";
				TEST_TARGET_NAME = TieredGridLayout;
			};
			name = Release;
		};
/* End XCBuildConfiguration section */

/* Begin XCConfigurationList section */
		9812A2EE2DAB83D700692E99 /* Build configuration list for PBXProject "TieredGridLayout" */ = {
			isa = XCConfigurationList;
			buildConfigurations = (
				9812A3152DAB83DA00692E99 /* Debug */,
				9812A3162DAB83DA00692E99 /* Release */,
			);
			defaultConfigurationIsVisible = 0;
			defaultConfigurationName = Release;
		};
		9812A3172DAB83DA00692E99 /* Build configuration list for PBXNativeTarget "TieredGridLayout" */ = {
			isa = XCConfigurationList;
			buildConfigurations = (
				9812A3182DAB83DA00692E99 /* Debug */,
				9812A3192DAB83DA00692E99 /* Release */,
			);
			defaultConfigurationIsVisible = 0;
			defaultConfigurationName = Release;
		};
		9812A31A2DAB83DA00692E99 /* Build configuration list for PBXNativeTarget "TieredGridLayoutTests" */ = {
			isa = XCConfigurationList;
			buildConfigurations = (
				9812A31B2DAB83DA00692E99 /* Debug */,
				9812A31C2DAB83DA00692E99 /* Release */,
			);
			defaultConfigurationIsVisible = 0;
			defaultConfigurationName = Release;
		};
		9812A31D2DAB83DA00692E99 /* Build configuration list for PBXNativeTarget "TieredGridLayoutUITests" */ = {
			isa = XCConfigurationList;
			buildConfigurations = (
				9812A31E2DAB83DA00692E99 /* Debug */,
				9812A31F2DAB83DA00692E99 /* Release */,
			);
			defaultConfigurationIsVisible = 0;
			defaultConfigurationName = Release;
		};
/* End XCConfigurationList section */
	};
	rootObject = 9812A2EB2DAB83D700692E99 /* Project object */;
}
